
Microsoft Visual Studio Solution File, Format Version 12.00
# Visual Studio Version 16
VisualStudioVersion = 16.0.31424.327
MinimumVisualStudioVersion = 10.0.40219.1
Project("{FAE04EC0-301F-11D3-BF4B-00C04F79EFBC}") = "Tower of hanoi", "Tower of hanoi\Tower of hanoi.csproj", "{1611F5F8-ADBF-4521-A7D5-68F9D220B7D0}"
EndProject
Global
	GlobalSection(SolutionConfigurationPlatforms) = preSolution
		Debug|Any CPU = Debug|Any CPU
		Release|Any CPU = Release|Any CPU
	EndGlobalSection
	GlobalSection(ProjectConfigurationPlatforms) = postSolution
		{1611F5F8-ADBF-4521-A7D5-68F9D220B7D0}.Debug|Any CPU.ActiveCfg = Debug|Any CPU
		{1611F5F8-ADBF-4521-A7D5-68F9D220B7D0}.Debug|Any CPU.Build.0 = Debug|Any CPU
		{1611F5F8-ADBF-4521-A7D5-68F9D220B7D0}.Release|Any CPU.ActiveCfg = Release|Any CPU
		{1611F5F8-ADBF-4521-A7D5-68F9D220B7D0}.Release|Any CPU.Build.0 = Release|Any CPU
	EndGlobalSection
	GlobalSection(SolutionProperties) = preSolution
		HideSolutionNode = FALSE
	EndGlobalSection
	GlobalSection(ExtensibilityGlobals) = postSolution
		SolutionGuid = {CEF5445D-CB6C-4E66-AD5F-AE6B6886ABD2}
	EndGlobalSection
EndGlobal
